
Microsoft Visual Studio Solution File, Format Version 12.00
# Visual Studio Version 16
VisualStudioVersion = 16.0.30011.22
MinimumVisualStudioVersion = 10.0.40219.1
Project("{FAE04EC0-301F-11D3-BF4B-00C04F79EFBC}") = "WebApplication1", "WebApplication1\WebApplication1.csproj", "{029BD74B-9F8F-45F6-A40A-2DD9E90F1CFB}"
EndProject
Global
	GlobalSection(SolutionConfigurationPlatforms) = preSolution
		Debug|Any CPU = Debug|Any CPU
		Release|Any CPU = Release|Any CPU
	EndGlobalSection
	GlobalSection(ProjectConfigurationPlatforms) = postSolution
		{029BD74B-9F8F-45F6-A40A-2DD9E90F1CFB}.Debug|Any CPU.ActiveCfg = Debug|Any CPU
		{029BD74B-9F8F-45F6-A40A-2DD9E90F1CFB}.Debug|Any CPU.Build.0 = Debug|Any CPU
		{029BD74B-9F8F-45F6-A40A-2DD9E90F1CFB}.Release|Any CPU.ActiveCfg = Release|Any CPU
		{029BD74B-9F8F-45F6-A40A-2DD9E90F1CFB}.Release|Any CPU.Build.0 = Release|Any CPU
	EndGlobalSection
	GlobalSection(SolutionProperties) = preSolution
		HideSolutionNode = FALSE
	EndGlobalSection
	GlobalSection(ExtensibilityGlobals) = postSolution
		SolutionGuid = {4612DD69-DBF0-451F-865B-D905F3557164}
	EndGlobalSection
EndGlobal
