
Microsoft Visual Studio Solution File, Format Version 12.00
# Visual Studio Version 16
VisualStudioVersion = 16.0.30011.22
MinimumVisualStudioVersion = 10.0.40219.1
Project("{FAE04EC0-301F-11D3-BF4B-00C04F79EFBC}") = "Microsoft.SqlServer", "Microsoft.SqlServer\Microsoft.SqlServer.csproj", "{35F6808A-242E-4291-8AC5-E6709BA6C4E6}"
EndProject
Global
	GlobalSection(SolutionConfigurationPlatforms) = preSolution
		Debug|Any CPU = Debug|Any CPU
		Release|Any CPU = Release|Any CPU
	EndGlobalSection
	GlobalSection(ProjectConfigurationPlatforms) = postSolution
		{35F6808A-242E-4291-8AC5-E6709BA6C4E6}.Debug|Any CPU.ActiveCfg = Debug|Any CPU
		{35F6808A-242E-4291-8AC5-E6709BA6C4E6}.Debug|Any CPU.Build.0 = Debug|Any CPU
		{35F6808A-242E-4291-8AC5-E6709BA6C4E6}.Release|Any CPU.ActiveCfg = Release|Any CPU
		{35F6808A-242E-4291-8AC5-E6709BA6C4E6}.Release|Any CPU.Build.0 = Release|Any CPU
	EndGlobalSection
	GlobalSection(SolutionProperties) = preSolution
		HideSolutionNode = FALSE
	EndGlobalSection
	GlobalSection(ExtensibilityGlobals) = postSolution
		SolutionGuid = {CB97F854-5F63-4D05-97AF-52105CACCF12}
	EndGlobalSection
EndGlobal
